
Microsoft Visual Studio Solution File, Format Version 12.00
# Visual Studio Version 17
VisualStudioVersion = 17.5.33516.290
MinimumVisualStudioVersion = 10.0.40219.1
Project("{FAE04EC0-301F-11D3-BF4B-00C04F79EFBC}") = "carpoolreq1", "carpoolreq1\carpoolreq1.csproj", "{97FC53B8-B6B8-40F0-A2C7-DC320CE2CC38}"
EndProject
Project("{FAE04EC0-301F-11D3-BF4B-00C04F79EFBC}") = "carpoolreq2", "carpoolreq2\carpoolreq2.csproj", "{68EDA5CE-1495-4A3F-982B-4CDF08A4EBEF}"
EndProject
Project("{FAE04EC0-301F-11D3-BF4B-00C04F79EFBC}") = "carpoolreq5", "carpoolreq5\carpoolreq5.csproj", "{C414F910-692C-40F8-B8E6-A79FA834556C}"
EndProject
Project("{FAE04EC0-301F-11D3-BF4B-00C04F79EFBC}") = "carpoolreq3", "carpoolreq3\carpoolreq3.csproj", "{880065DC-1863-4324-96DA-A25947C2DA6D}"
EndProject
Project("{FAE04EC0-301F-11D3-BF4B-00C04F79EFBC}") = "carpoolreq4", "carpoolreq4\carpoolreq4.csproj", "{D844B6F3-0259-437D-B8C8-F9E5060AEAEF}"
EndProject
Project("{FAE04EC0-301F-11D3-BF4B-00C04F79EFBC}") = "carpoolreq6", "carpoolreq6\carpoolreq6.csproj", "{08442B07-911A-424C-A870-BE97297DE7A9}"
EndProject
Global
	GlobalSection(SolutionConfigurationPlatforms) = preSolution
		Debug|Any CPU = Debug|Any CPU
		Release|Any CPU = Release|Any CPU
	EndGlobalSection
	GlobalSection(ProjectConfigurationPlatforms) = postSolution
		{97FC53B8-B6B8-40F0-A2C7-DC320CE2CC38}.Debug|Any CPU.ActiveCfg = Debug|Any CPU
		{97FC53B8-B6B8-40F0-A2C7-DC320CE2CC38}.Debug|Any CPU.Build.0 = Debug|Any CPU
		{97FC53B8-B6B8-40F0-A2C7-DC320CE2CC38}.Release|Any CPU.ActiveCfg = Release|Any CPU
		{97FC53B8-B6B8-40F0-A2C7-DC320CE2CC38}.Release|Any CPU.Build.0 = Release|Any CPU
		{68EDA5CE-1495-4A3F-982B-4CDF08A4EBEF}.Debug|Any CPU.ActiveCfg = Debug|Any CPU
		{68EDA5CE-1495-4A3F-982B-4CDF08A4EBEF}.Debug|Any CPU.Build.0 = Debug|Any CPU
		{68EDA5CE-1495-4A3F-982B-4CDF08A4EBEF}.Release|Any CPU.ActiveCfg = Release|Any CPU
		{68EDA5CE-1495-4A3F-982B-4CDF08A4EBEF}.Release|Any CPU.Build.0 = Release|Any CPU
		{C414F910-692C-40F8-B8E6-A79FA834556C}.Debug|Any CPU.ActiveCfg = Debug|Any CPU
		{C414F910-692C-40F8-B8E6-A79FA834556C}.Debug|Any CPU.Build.0 = Debug|Any CPU
		{C414F910-692C-40F8-B8E6-A79FA834556C}.Release|Any CPU.ActiveCfg = Release|Any CPU
		{C414F910-692C-40F8-B8E6-A79FA834556C}.Release|Any CPU.Build.0 = Release|Any CPU
		{880065DC-1863-4324-96DA-A25947C2DA6D}.Debug|Any CPU.ActiveCfg = Debug|Any CPU
		{880065DC-1863-4324-96DA-A25947C2DA6D}.Debug|Any CPU.Build.0 = Debug|Any CPU
		{880065DC-1863-4324-96DA-A25947C2DA6D}.Release|Any CPU.ActiveCfg = Release|Any CPU
		{880065DC-1863-4324-96DA-A25947C2DA6D}.Release|Any CPU.Build.0 = Release|Any CPU
		{D844B6F3-0259-437D-B8C8-F9E5060AEAEF}.Debug|Any CPU.ActiveCfg = Debug|Any CPU
		{D844B6F3-0259-437D-B8C8-F9E5060AEAEF}.Debug|Any CPU.Build.0 = Debug|Any CPU
		{D844B6F3-0259-437D-B8C8-F9E5060AEAEF}.Release|Any CPU.ActiveCfg = Release|Any CPU
		{D844B6F3-0259-437D-B8C8-F9E5060AEAEF}.Release|Any CPU.Build.0 = Release|Any CPU
		{08442B07-911A-424C-A870-BE97297DE7A9}.Debug|Any CPU.ActiveCfg = Debug|Any CPU
		{08442B07-911A-424C-A870-BE97297DE7A9}.Debug|Any CPU.Build.0 = Debug|Any CPU
		{08442B07-911A-424C-A870-BE97297DE7A9}.Release|Any CPU.ActiveCfg = Release|Any CPU
		{08442B07-911A-424C-A870-BE97297DE7A9}.Release|Any CPU.Build.0 = Release|Any CPU
	EndGlobalSection
	GlobalSection(SolutionProperties) = preSolution
		HideSolutionNode = FALSE
	EndGlobalSection
	GlobalSection(ExtensibilityGlobals) = postSolution
		SolutionGuid = {57A51DDB-DCEF-4D19-AFFC-915101C2A29F}
	EndGlobalSection
EndGlobal
