
Microsoft Visual Studio Solution File, Format Version 12.00
# Visual Studio Version 17
VisualStudioVersion = 17.5.33516.290
MinimumVisualStudioVersion = 10.0.40219.1
Project("{FAE04EC0-301F-11D3-BF4B-00C04F79EFBC}") = "CCJUNE2QN3", "CCJUNE2QN3\CCJUNE2QN3.csproj", "{37A949A6-3356-45F9-B58C-7E00E4792F80}"
EndProject
Global
	GlobalSection(SolutionConfigurationPlatforms) = preSolution
		Debug|Any CPU = Debug|Any CPU
		Release|Any CPU = Release|Any CPU
	EndGlobalSection
	GlobalSection(ProjectConfigurationPlatforms) = postSolution
		{37A949A6-3356-45F9-B58C-7E00E4792F80}.Debug|Any CPU.ActiveCfg = Debug|Any CPU
		{37A949A6-3356-45F9-B58C-7E00E4792F80}.Debug|Any CPU.Build.0 = Debug|Any CPU
		{37A949A6-3356-45F9-B58C-7E00E4792F80}.Release|Any CPU.ActiveCfg = Release|Any CPU
		{37A949A6-3356-45F9-B58C-7E00E4792F80}.Release|Any CPU.Build.0 = Release|Any CPU
	EndGlobalSection
	GlobalSection(SolutionProperties) = preSolution
		HideSolutionNode = FALSE
	EndGlobalSection
	GlobalSection(ExtensibilityGlobals) = postSolution
		SolutionGuid = {582E3D14-09F2-42DF-ACB1-AA827C3B023F}
	EndGlobalSection
EndGlobal
