
Microsoft Visual Studio Solution File, Format Version 12.00
# Visual Studio Version 17
VisualStudioVersion = 17.5.33516.290
MinimumVisualStudioVersion = 10.0.40219.1
Project("{FAE04EC0-301F-11D3-BF4B-00C04F79EFBC}") = "simply", "simply\simply.csproj", "{7A73E926-D584-44B0-B9CC-3BFEF069CAEE}"
EndProject
Global
	GlobalSection(SolutionConfigurationPlatforms) = preSolution
		Debug|Any CPU = Debug|Any CPU
		Release|Any CPU = Release|Any CPU
	EndGlobalSection
	GlobalSection(ProjectConfigurationPlatforms) = postSolution
		{7A73E926-D584-44B0-B9CC-3BFEF069CAEE}.Debug|Any CPU.ActiveCfg = Debug|Any CPU
		{7A73E926-D584-44B0-B9CC-3BFEF069CAEE}.Debug|Any CPU.Build.0 = Debug|Any CPU
		{7A73E926-D584-44B0-B9CC-3BFEF069CAEE}.Release|Any CPU.ActiveCfg = Release|Any CPU
		{7A73E926-D584-44B0-B9CC-3BFEF069CAEE}.Release|Any CPU.Build.0 = Release|Any CPU
	EndGlobalSection
	GlobalSection(SolutionProperties) = preSolution
		HideSolutionNode = FALSE
	EndGlobalSection
	GlobalSection(ExtensibilityGlobals) = postSolution
		SolutionGuid = {335EB30D-70A0-484F-B6F4-D1C312E7F2C3}
	EndGlobalSection
EndGlobal
