
Microsoft Visual Studio Solution File, Format Version 12.00
# Visual Studio Version 17
VisualStudioVersion = 17.5.33516.290
MinimumVisualStudioVersion = 10.0.40219.1
Project("{FAE04EC0-301F-11D3-BF4B-00C04F79EFBC}") = "sum", "sum\sum.csproj", "{4396E2A4-5D28-40C4-97DE-ECA0FFD86C24}"
EndProject
Global
	GlobalSection(SolutionConfigurationPlatforms) = preSolution
		Debug|Any CPU = Debug|Any CPU
		Release|Any CPU = Release|Any CPU
	EndGlobalSection
	GlobalSection(ProjectConfigurationPlatforms) = postSolution
		{4396E2A4-5D28-40C4-97DE-ECA0FFD86C24}.Debug|Any CPU.ActiveCfg = Debug|Any CPU
		{4396E2A4-5D28-40C4-97DE-ECA0FFD86C24}.Debug|Any CPU.Build.0 = Debug|Any CPU
		{4396E2A4-5D28-40C4-97DE-ECA0FFD86C24}.Release|Any CPU.ActiveCfg = Release|Any CPU
		{4396E2A4-5D28-40C4-97DE-ECA0FFD86C24}.Release|Any CPU.Build.0 = Release|Any CPU
	EndGlobalSection
	GlobalSection(SolutionProperties) = preSolution
		HideSolutionNode = FALSE
	EndGlobalSection
	GlobalSection(ExtensibilityGlobals) = postSolution
		SolutionGuid = {DD936CCA-DFAD-485D-BF48-922A889DEA93}
	EndGlobalSection
EndGlobal
