
Microsoft Visual Studio Solution File, Format Version 12.00
# Visual Studio Version 17
VisualStudioVersion = 17.5.33516.290
MinimumVisualStudioVersion = 10.0.40219.1
Project("{FAE04EC0-301F-11D3-BF4B-00C04F79EFBC}") = "VALUESAPI", "VALUESAPI\VALUESAPI.csproj", "{DFB84877-ABA9-44CC-856E-08F913633029}"
EndProject
Global
	GlobalSection(SolutionConfigurationPlatforms) = preSolution
		Debug|Any CPU = Debug|Any CPU
		Release|Any CPU = Release|Any CPU
	EndGlobalSection
	GlobalSection(ProjectConfigurationPlatforms) = postSolution
		{DFB84877-ABA9-44CC-856E-08F913633029}.Debug|Any CPU.ActiveCfg = Debug|Any CPU
		{DFB84877-ABA9-44CC-856E-08F913633029}.Debug|Any CPU.Build.0 = Debug|Any CPU
		{DFB84877-ABA9-44CC-856E-08F913633029}.Release|Any CPU.ActiveCfg = Release|Any CPU
		{DFB84877-ABA9-44CC-856E-08F913633029}.Release|Any CPU.Build.0 = Release|Any CPU
	EndGlobalSection
	GlobalSection(SolutionProperties) = preSolution
		HideSolutionNode = FALSE
	EndGlobalSection
	GlobalSection(ExtensibilityGlobals) = postSolution
		SolutionGuid = {985E54A4-D0FA-4DF3-917A-925E3D5588DC}
	EndGlobalSection
EndGlobal
