
Microsoft Visual Studio Solution File, Format Version 12.00
# Visual Studio Version 17
VisualStudioVersion = 17.5.33516.290
MinimumVisualStudioVersion = 10.0.40219.1
Project("{FAE04EC0-301F-11D3-BF4B-00C04F79EFBC}") = "DemoProject", "DemoProject\DemoProject.csproj", "{6541997B-5776-4E5F-865D-37AC1072F55E}"
EndProject
Project("{FAE04EC0-301F-11D3-BF4B-00C04F79EFBC}") = "DemoProjectTest", "DemoProjectTest\DemoProjectTest.csproj", "{85980B4F-A600-49B5-BB60-CB3774B4AD20}"
EndProject
Global
	GlobalSection(SolutionConfigurationPlatforms) = preSolution
		Debug|Any CPU = Debug|Any CPU
		Release|Any CPU = Release|Any CPU
	EndGlobalSection
	GlobalSection(ProjectConfigurationPlatforms) = postSolution
		{6541997B-5776-4E5F-865D-37AC1072F55E}.Debug|Any CPU.ActiveCfg = Debug|Any CPU
		{6541997B-5776-4E5F-865D-37AC1072F55E}.Debug|Any CPU.Build.0 = Debug|Any CPU
		{6541997B-5776-4E5F-865D-37AC1072F55E}.Release|Any CPU.ActiveCfg = Release|Any CPU
		{6541997B-5776-4E5F-865D-37AC1072F55E}.Release|Any CPU.Build.0 = Release|Any CPU
		{85980B4F-A600-49B5-BB60-CB3774B4AD20}.Debug|Any CPU.ActiveCfg = Debug|Any CPU
		{85980B4F-A600-49B5-BB60-CB3774B4AD20}.Debug|Any CPU.Build.0 = Debug|Any CPU
		{85980B4F-A600-49B5-BB60-CB3774B4AD20}.Release|Any CPU.ActiveCfg = Release|Any CPU
		{85980B4F-A600-49B5-BB60-CB3774B4AD20}.Release|Any CPU.Build.0 = Release|Any CPU
	EndGlobalSection
	GlobalSection(SolutionProperties) = preSolution
		HideSolutionNode = FALSE
	EndGlobalSection
	GlobalSection(ExtensibilityGlobals) = postSolution
		SolutionGuid = {C9C5246A-2818-4C9A-9F50-88C22AF777A0}
	EndGlobalSection
EndGlobal
