
Microsoft Visual Studio Solution File, Format Version 12.00
# Visual Studio Version 17
VisualStudioVersion = 17.5.33516.290
MinimumVisualStudioVersion = 10.0.40219.1
Project("{FAE04EC0-301F-11D3-BF4B-00C04F79EFBC}") = "note", "note\note.csproj", "{7379A80E-7A3A-48F2-BC46-934FB0AAF566}"
EndProject
Global
	GlobalSection(SolutionConfigurationPlatforms) = preSolution
		Debug|Any CPU = Debug|Any CPU
		Release|Any CPU = Release|Any CPU
	EndGlobalSection
	GlobalSection(ProjectConfigurationPlatforms) = postSolution
		{7379A80E-7A3A-48F2-BC46-934FB0AAF566}.Debug|Any CPU.ActiveCfg = Debug|Any CPU
		{7379A80E-7A3A-48F2-BC46-934FB0AAF566}.Debug|Any CPU.Build.0 = Debug|Any CPU
		{7379A80E-7A3A-48F2-BC46-934FB0AAF566}.Release|Any CPU.ActiveCfg = Release|Any CPU
		{7379A80E-7A3A-48F2-BC46-934FB0AAF566}.Release|Any CPU.Build.0 = Release|Any CPU
	EndGlobalSection
	GlobalSection(SolutionProperties) = preSolution
		HideSolutionNode = FALSE
	EndGlobalSection
	GlobalSection(ExtensibilityGlobals) = postSolution
		SolutionGuid = {424C09B1-2B04-4C2F-BFD5-B218311F9AF7}
	EndGlobalSection
EndGlobal
