
Microsoft Visual Studio Solution File, Format Version 12.00
# Visual Studio Version 17
VisualStudioVersion = 17.5.33516.290
MinimumVisualStudioVersion = 10.0.40219.1
Project("{FAE04EC0-301F-11D3-BF4B-00C04F79EFBC}") = "DELEGATE3", "DELEGATE3\DELEGATE3.csproj", "{C009DDEC-E8D9-4F6D-85CB-A3F9FF6F9CB7}"
EndProject
Global
	GlobalSection(SolutionConfigurationPlatforms) = preSolution
		Debug|Any CPU = Debug|Any CPU
		Release|Any CPU = Release|Any CPU
	EndGlobalSection
	GlobalSection(ProjectConfigurationPlatforms) = postSolution
		{C009DDEC-E8D9-4F6D-85CB-A3F9FF6F9CB7}.Debug|Any CPU.ActiveCfg = Debug|Any CPU
		{C009DDEC-E8D9-4F6D-85CB-A3F9FF6F9CB7}.Debug|Any CPU.Build.0 = Debug|Any CPU
		{C009DDEC-E8D9-4F6D-85CB-A3F9FF6F9CB7}.Release|Any CPU.ActiveCfg = Release|Any CPU
		{C009DDEC-E8D9-4F6D-85CB-A3F9FF6F9CB7}.Release|Any CPU.Build.0 = Release|Any CPU
	EndGlobalSection
	GlobalSection(SolutionProperties) = preSolution
		HideSolutionNode = FALSE
	EndGlobalSection
	GlobalSection(ExtensibilityGlobals) = postSolution
		SolutionGuid = {0481A70F-E1F0-43B4-83D0-B83BC5199703}
	EndGlobalSection
EndGlobal
